
Microsoft Visual Studio Solution File, Format Version 12.00
# Visual Studio Version 17
VisualStudioVersion = 17.3.32929.385
MinimumVisualStudioVersion = 10.0.40219.1
Project("{8BC9CEB8-8B4A-11D0-8D11-00A0C91BC942}") = "Radice Numerica", "Radice Numerica.vcxproj", "{352BD136-4C41-4275-8813-B05D84DC1C4E}"
EndProject
Global
	GlobalSection(SolutionConfigurationPlatforms) = preSolution
		Debug|x64 = Debug|x64
		Debug|x86 = Debug|x86
		Release|x64 = Release|x64
		Release|x86 = Release|x86
	EndGlobalSection
	GlobalSection(ProjectConfigurationPlatforms) = postSolution
		{352BD136-4C41-4275-8813-B05D84DC1C4E}.Debug|x64.ActiveCfg = Debug|x64
		{352BD136-4C41-4275-8813-B05D84DC1C4E}.Debug|x64.Build.0 = Debug|x64
		{352BD136-4C41-4275-8813-B05D84DC1C4E}.Debug|x86.ActiveCfg = Debug|Win32
		{352BD136-4C41-4275-8813-B05D84DC1C4E}.Debug|x86.Build.0 = Debug|Win32
		{352BD136-4C41-4275-8813-B05D84DC1C4E}.Release|x64.ActiveCfg = Release|x64
		{352BD136-4C41-4275-8813-B05D84DC1C4E}.Release|x64.Build.0 = Release|x64
		{352BD136-4C41-4275-8813-B05D84DC1C4E}.Release|x86.ActiveCfg = Release|Win32
		{352BD136-4C41-4275-8813-B05D84DC1C4E}.Release|x86.Build.0 = Release|Win32
	EndGlobalSection
	GlobalSection(SolutionProperties) = preSolution
		HideSolutionNode = FALSE
	EndGlobalSection
	GlobalSection(ExtensibilityGlobals) = postSolution
		SolutionGuid = {818067C2-2F34-4B7C-98E3-4BFBE901953E}
	EndGlobalSection
EndGlobal
