
Microsoft Visual Studio Solution File, Format Version 12.00
# Visual Studio Version 17
VisualStudioVersion = 17.3.32929.385
MinimumVisualStudioVersion = 10.0.40219.1
Project("{8BC9CEB8-8B4A-11D0-8D11-00A0C91BC942}") = "Prodotto negativi", "Prodotto negativi.vcxproj", "{D0661936-E742-499D-A8A3-A0021F96A1B7}"
EndProject
Global
	GlobalSection(SolutionConfigurationPlatforms) = preSolution
		Debug|x64 = Debug|x64
		Debug|x86 = Debug|x86
		Release|x64 = Release|x64
		Release|x86 = Release|x86
	EndGlobalSection
	GlobalSection(ProjectConfigurationPlatforms) = postSolution
		{D0661936-E742-499D-A8A3-A0021F96A1B7}.Debug|x64.ActiveCfg = Debug|x64
		{D0661936-E742-499D-A8A3-A0021F96A1B7}.Debug|x64.Build.0 = Debug|x64
		{D0661936-E742-499D-A8A3-A0021F96A1B7}.Debug|x86.ActiveCfg = Debug|Win32
		{D0661936-E742-499D-A8A3-A0021F96A1B7}.Debug|x86.Build.0 = Debug|Win32
		{D0661936-E742-499D-A8A3-A0021F96A1B7}.Release|x64.ActiveCfg = Release|x64
		{D0661936-E742-499D-A8A3-A0021F96A1B7}.Release|x64.Build.0 = Release|x64
		{D0661936-E742-499D-A8A3-A0021F96A1B7}.Release|x86.ActiveCfg = Release|Win32
		{D0661936-E742-499D-A8A3-A0021F96A1B7}.Release|x86.Build.0 = Release|Win32
	EndGlobalSection
	GlobalSection(SolutionProperties) = preSolution
		HideSolutionNode = FALSE
	EndGlobalSection
	GlobalSection(ExtensibilityGlobals) = postSolution
		SolutionGuid = {AF062957-73E5-4C75-844B-EEBD035DA999}
	EndGlobalSection
EndGlobal
